
Microsoft Visual Studio Solution File, Format Version 12.00
# Visual Studio Version 17
VisualStudioVersion = 17.7.34031.279
MinimumVisualStudioVersion = 10.0.40219.1
Project("{8BC9CEB8-8B4A-11D0-8D11-00A0C91BC942}") = "Array1", "Array1\Array1.vcxproj", "{15AE425C-B143-492E-90AC-77D3CBA79B17}"
EndProject
Project("{8BC9CEB8-8B4A-11D0-8D11-00A0C91BC942}") = "Array3", "Array3\Array3.vcxproj", "{F83B3D07-741D-48B7-AC34-2405430B4E74}"
EndProject
Project("{8BC9CEB8-8B4A-11D0-8D11-00A0C91BC942}") = "Array6", "Array6\Array6.vcxproj", "{02BFECDE-9E5C-4BCF-8030-A7917CF26362}"
EndProject
Project("{8BC9CEB8-8B4A-11D0-8D11-00A0C91BC942}") = "Array7", "Array7\Array7.vcxproj", "{EE2AE938-225D-47A7-ACB5-1AC215648FB6}"
EndProject
Project("{8BC9CEB8-8B4A-11D0-8D11-00A0C91BC942}") = "Array8", "Array8\Array8.vcxproj", "{204F6581-5DEA-40D7-A1B9-1A14C744716D}"
EndProject
Project("{8BC9CEB8-8B4A-11D0-8D11-00A0C91BC942}") = "Array15", "Array15\Array15.vcxproj", "{13513522-4369-41D8-A319-2C1E16C619E4}"
EndProject
Project("{8BC9CEB8-8B4A-11D0-8D11-00A0C91BC942}") = "Array18", "Array18\Array18.vcxproj", "{0D18779F-D5CC-416B-B56F-91B5E2CBA89F}"
EndProject
Project("{8BC9CEB8-8B4A-11D0-8D11-00A0C91BC942}") = "Array19", "Array19\Array19.vcxproj", "{FA579EAC-FD93-4A6C-9026-6FFF725913F0}"
EndProject
Project("{8BC9CEB8-8B4A-11D0-8D11-00A0C91BC942}") = "Array24", "Array24\Array24.vcxproj", "{F7CEE58C-3781-458D-A0E7-E32947BF82BF}"
EndProject
Project("{8BC9CEB8-8B4A-11D0-8D11-00A0C91BC942}") = "Array51", "Array51\Array51.vcxproj", "{34A0CC8A-A06C-4FC8-B23C-1CBBAA37157F}"
EndProject
Project("{8BC9CEB8-8B4A-11D0-8D11-00A0C91BC942}") = "Array56", "Array56\Array56.vcxproj", "{AB0D1CCD-FBC7-4E42-B365-02788B8DA2E0}"
EndProject
Project("{8BC9CEB8-8B4A-11D0-8D11-00A0C91BC942}") = "Array57", "Array57\Array57.vcxproj", "{5DCEF891-4DEC-43E2-951D-360AF6F9B16C}"
EndProject
Project("{8BC9CEB8-8B4A-11D0-8D11-00A0C91BC942}") = "Array65", "Array65\Array65.vcxproj", "{F149D1A4-AF52-45C1-9456-4E1273ACC763}"
EndProject
Project("{8BC9CEB8-8B4A-11D0-8D11-00A0C91BC942}") = "Array66", "Array66\Array66.vcxproj", "{092BA672-DC58-42DC-B473-914C2EE116C9}"
EndProject
Global
	GlobalSection(SolutionConfigurationPlatforms) = preSolution
		Debug|x64 = Debug|x64
		Debug|x86 = Debug|x86
		Release|x64 = Release|x64
		Release|x86 = Release|x86
	EndGlobalSection
	GlobalSection(ProjectConfigurationPlatforms) = postSolution
		{15AE425C-B143-492E-90AC-77D3CBA79B17}.Debug|x64.ActiveCfg = Debug|x64
		{15AE425C-B143-492E-90AC-77D3CBA79B17}.Debug|x64.Build.0 = Debug|x64
		{15AE425C-B143-492E-90AC-77D3CBA79B17}.Debug|x86.ActiveCfg = Debug|Win32
		{15AE425C-B143-492E-90AC-77D3CBA79B17}.Debug|x86.Build.0 = Debug|Win32
		{15AE425C-B143-492E-90AC-77D3CBA79B17}.Release|x64.ActiveCfg = Release|x64
		{15AE425C-B143-492E-90AC-77D3CBA79B17}.Release|x64.Build.0 = Release|x64
		{15AE425C-B143-492E-90AC-77D3CBA79B17}.Release|x86.ActiveCfg = Release|Win32
		{15AE425C-B143-492E-90AC-77D3CBA79B17}.Release|x86.Build.0 = Release|Win32
		{F83B3D07-741D-48B7-AC34-2405430B4E74}.Debug|x64.ActiveCfg = Debug|x64
		{F83B3D07-741D-48B7-AC34-2405430B4E74}.Debug|x64.Build.0 = Debug|x64
		{F83B3D07-741D-48B7-AC34-2405430B4E74}.Debug|x86.ActiveCfg = Debug|Win32
		{F83B3D07-741D-48B7-AC34-2405430B4E74}.Debug|x86.Build.0 = Debug|Win32
		{F83B3D07-741D-48B7-AC34-2405430B4E74}.Release|x64.ActiveCfg = Release|x64
		{F83B3D07-741D-48B7-AC34-2405430B4E74}.Release|x64.Build.0 = Release|x64
		{F83B3D07-741D-48B7-AC34-2405430B4E74}.Release|x86.ActiveCfg = Release|Win32
		{F83B3D07-741D-48B7-AC34-2405430B4E74}.Release|x86.Build.0 = Release|Win32
		{02BFECDE-9E5C-4BCF-8030-A7917CF26362}.Debug|x64.ActiveCfg = Debug|x64
		{02BFECDE-9E5C-4BCF-8030-A7917CF26362}.Debug|x64.Build.0 = Debug|x64
		{02BFECDE-9E5C-4BCF-8030-A7917CF26362}.Debug|x86.ActiveCfg = Debug|Win32
		{02BFECDE-9E5C-4BCF-8030-A7917CF26362}.Debug|x86.Build.0 = Debug|Win32
		{02BFECDE-9E5C-4BCF-8030-A7917CF26362}.Release|x64.ActiveCfg = Release|x64
		{02BFECDE-9E5C-4BCF-8030-A7917CF26362}.Release|x64.Build.0 = Release|x64
		{02BFECDE-9E5C-4BCF-8030-A7917CF26362}.Release|x86.ActiveCfg = Release|Win32
		{02BFECDE-9E5C-4BCF-8030-A7917CF26362}.Release|x86.Build.0 = Release|Win32
		{EE2AE938-225D-47A7-ACB5-1AC215648FB6}.Debug|x64.ActiveCfg = Debug|x64
		{EE2AE938-225D-47A7-ACB5-1AC215648FB6}.Debug|x64.Build.0 = Debug|x64
		{EE2AE938-225D-47A7-ACB5-1AC215648FB6}.Debug|x86.ActiveCfg = Debug|Win32
		{EE2AE938-225D-47A7-ACB5-1AC215648FB6}.Debug|x86.Build.0 = Debug|Win32
		{EE2AE938-225D-47A7-ACB5-1AC215648FB6}.Release|x64.ActiveCfg = Release|x64
		{EE2AE938-225D-47A7-ACB5-1AC215648FB6}.Release|x64.Build.0 = Release|x64
		{EE2AE938-225D-47A7-ACB5-1AC215648FB6}.Release|x86.ActiveCfg = Release|Win32
		{EE2AE938-225D-47A7-ACB5-1AC215648FB6}.Release|x86.Build.0 = Release|Win32
		{204F6581-5DEA-40D7-A1B9-1A14C744716D}.Debug|x64.ActiveCfg = Debug|x64
		{204F6581-5DEA-40D7-A1B9-1A14C744716D}.Debug|x64.Build.0 = Debug|x64
		{204F6581-5DEA-40D7-A1B9-1A14C744716D}.Debug|x86.ActiveCfg = Debug|Win32
		{204F6581-5DEA-40D7-A1B9-1A14C744716D}.Debug|x86.Build.0 = Debug|Win32
		{204F6581-5DEA-40D7-A1B9-1A14C744716D}.Release|x64.ActiveCfg = Release|x64
		{204F6581-5DEA-40D7-A1B9-1A14C744716D}.Release|x64.Build.0 = Release|x64
		{204F6581-5DEA-40D7-A1B9-1A14C744716D}.Release|x86.ActiveCfg = Release|Win32
		{204F6581-5DEA-40D7-A1B9-1A14C744716D}.Release|x86.Build.0 = Release|Win32
		{13513522-4369-41D8-A319-2C1E16C619E4}.Debug|x64.ActiveCfg = Debug|x64
		{13513522-4369-41D8-A319-2C1E16C619E4}.Debug|x64.Build.0 = Debug|x64
		{13513522-4369-41D8-A319-2C1E16C619E4}.Debug|x86.ActiveCfg = Debug|Win32
		{13513522-4369-41D8-A319-2C1E16C619E4}.Debug|x86.Build.0 = Debug|Win32
		{13513522-4369-41D8-A319-2C1E16C619E4}.Release|x64.ActiveCfg = Release|x64
		{13513522-4369-41D8-A319-2C1E16C619E4}.Release|x64.Build.0 = Release|x64
		{13513522-4369-41D8-A319-2C1E16C619E4}.Release|x86.ActiveCfg = Release|Win32
		{13513522-4369-41D8-A319-2C1E16C619E4}.Release|x86.Build.0 = Release|Win32
		{0D18779F-D5CC-416B-B56F-91B5E2CBA89F}.Debug|x64.ActiveCfg = Debug|x64
		{0D18779F-D5CC-416B-B56F-91B5E2CBA89F}.Debug|x64.Build.0 = Debug|x64
		{0D18779F-D5CC-416B-B56F-91B5E2CBA89F}.Debug|x86.ActiveCfg = Debug|Win32
		{0D18779F-D5CC-416B-B56F-91B5E2CBA89F}.Debug|x86.Build.0 = Debug|Win32
		{0D18779F-D5CC-416B-B56F-91B5E2CBA89F}.Release|x64.ActiveCfg = Release|x64
		{0D18779F-D5CC-416B-B56F-91B5E2CBA89F}.Release|x64.Build.0 = Release|x64
		{0D18779F-D5CC-416B-B56F-91B5E2CBA89F}.Release|x86.ActiveCfg = Release|Win32
		{0D18779F-D5CC-416B-B56F-91B5E2CBA89F}.Release|x86.Build.0 = Release|Win32
		{FA579EAC-FD93-4A6C-9026-6FFF725913F0}.Debug|x64.ActiveCfg = Debug|x64
		{FA579EAC-FD93-4A6C-9026-6FFF725913F0}.Debug|x64.Build.0 = Debug|x64
		{FA579EAC-FD93-4A6C-9026-6FFF725913F0}.Debug|x86.ActiveCfg = Debug|Win32
		{FA579EAC-FD93-4A6C-9026-6FFF725913F0}.Debug|x86.Build.0 = Debug|Win32
		{FA579EAC-FD93-4A6C-9026-6FFF725913F0}.Release|x64.ActiveCfg = Release|x64
		{FA579EAC-FD93-4A6C-9026-6FFF725913F0}.Release|x64.Build.0 = Release|x64
		{FA579EAC-FD93-4A6C-9026-6FFF725913F0}.Release|x86.ActiveCfg = Release|Win32
		{FA579EAC-FD93-4A6C-9026-6FFF725913F0}.Release|x86.Build.0 = Release|Win32
		{F7CEE58C-3781-458D-A0E7-E32947BF82BF}.Debug|x64.ActiveCfg = Debug|x64
		{F7CEE58C-3781-458D-A0E7-E32947BF82BF}.Debug|x64.Build.0 = Debug|x64
		{F7CEE58C-3781-458D-A0E7-E32947BF82BF}.Debug|x86.ActiveCfg = Debug|Win32
		{F7CEE58C-3781-458D-A0E7-E32947BF82BF}.Debug|x86.Build.0 = Debug|Win32
		{F7CEE58C-3781-458D-A0E7-E32947BF82BF}.Release|x64.ActiveCfg = Release|x64
		{F7CEE58C-3781-458D-A0E7-E32947BF82BF}.Release|x64.Build.0 = Release|x64
		{F7CEE58C-3781-458D-A0E7-E32947BF82BF}.Release|x86.ActiveCfg = Release|Win32
		{F7CEE58C-3781-458D-A0E7-E32947BF82BF}.Release|x86.Build.0 = Release|Win32
		{34A0CC8A-A06C-4FC8-B23C-1CBBAA37157F}.Debug|x64.ActiveCfg = Debug|x64
		{34A0CC8A-A06C-4FC8-B23C-1CBBAA37157F}.Debug|x64.Build.0 = Debug|x64
		{34A0CC8A-A06C-4FC8-B23C-1CBBAA37157F}.Debug|x86.ActiveCfg = Debug|Win32
		{34A0CC8A-A06C-4FC8-B23C-1CBBAA37157F}.Debug|x86.Build.0 = Debug|Win32
		{34A0CC8A-A06C-4FC8-B23C-1CBBAA37157F}.Release|x64.ActiveCfg = Release|x64
		{34A0CC8A-A06C-4FC8-B23C-1CBBAA37157F}.Release|x64.Build.0 = Release|x64
		{34A0CC8A-A06C-4FC8-B23C-1CBBAA37157F}.Release|x86.ActiveCfg = Release|Win32
		{34A0CC8A-A06C-4FC8-B23C-1CBBAA37157F}.Release|x86.Build.0 = Release|Win32
		{AB0D1CCD-FBC7-4E42-B365-02788B8DA2E0}.Debug|x64.ActiveCfg = Debug|x64
		{AB0D1CCD-FBC7-4E42-B365-02788B8DA2E0}.Debug|x64.Build.0 = Debug|x64
		{AB0D1CCD-FBC7-4E42-B365-02788B8DA2E0}.Debug|x86.ActiveCfg = Debug|Win32
		{AB0D1CCD-FBC7-4E42-B365-02788B8DA2E0}.Debug|x86.Build.0 = Debug|Win32
		{AB0D1CCD-FBC7-4E42-B365-02788B8DA2E0}.Release|x64.ActiveCfg = Release|x64
		{AB0D1CCD-FBC7-4E42-B365-02788B8DA2E0}.Release|x64.Build.0 = Release|x64
		{AB0D1CCD-FBC7-4E42-B365-02788B8DA2E0}.Release|x86.ActiveCfg = Release|Win32
		{AB0D1CCD-FBC7-4E42-B365-02788B8DA2E0}.Release|x86.Build.0 = Release|Win32
		{5DCEF891-4DEC-43E2-951D-360AF6F9B16C}.Debug|x64.ActiveCfg = Debug|x64
		{5DCEF891-4DEC-43E2-951D-360AF6F9B16C}.Debug|x64.Build.0 = Debug|x64
		{5DCEF891-4DEC-43E2-951D-360AF6F9B16C}.Debug|x86.ActiveCfg = Debug|Win32
		{5DCEF891-4DEC-43E2-951D-360AF6F9B16C}.Debug|x86.Build.0 = Debug|Win32
		{5DCEF891-4DEC-43E2-951D-360AF6F9B16C}.Release|x64.ActiveCfg = Release|x64
		{5DCEF891-4DEC-43E2-951D-360AF6F9B16C}.Release|x64.Build.0 = Release|x64
		{5DCEF891-4DEC-43E2-951D-360AF6F9B16C}.Release|x86.ActiveCfg = Release|Win32
		{5DCEF891-4DEC-43E2-951D-360AF6F9B16C}.Release|x86.Build.0 = Release|Win32
		{F149D1A4-AF52-45C1-9456-4E1273ACC763}.Debug|x64.ActiveCfg = Debug|x64
		{F149D1A4-AF52-45C1-9456-4E1273ACC763}.Debug|x64.Build.0 = Debug|x64
		{F149D1A4-AF52-45C1-9456-4E1273ACC763}.Debug|x86.ActiveCfg = Debug|Win32
		{F149D1A4-AF52-45C1-9456-4E1273ACC763}.Debug|x86.Build.0 = Debug|Win32
		{F149D1A4-AF52-45C1-9456-4E1273ACC763}.Release|x64.ActiveCfg = Release|x64
		{F149D1A4-AF52-45C1-9456-4E1273ACC763}.Release|x64.Build.0 = Release|x64
		{F149D1A4-AF52-45C1-9456-4E1273ACC763}.Release|x86.ActiveCfg = Release|Win32
		{F149D1A4-AF52-45C1-9456-4E1273ACC763}.Release|x86.Build.0 = Release|Win32
		{092BA672-DC58-42DC-B473-914C2EE116C9}.Debug|x64.ActiveCfg = Debug|x64
		{092BA672-DC58-42DC-B473-914C2EE116C9}.Debug|x64.Build.0 = Debug|x64
		{092BA672-DC58-42DC-B473-914C2EE116C9}.Debug|x86.ActiveCfg = Debug|Win32
		{092BA672-DC58-42DC-B473-914C2EE116C9}.Debug|x86.Build.0 = Debug|Win32
		{092BA672-DC58-42DC-B473-914C2EE116C9}.Release|x64.ActiveCfg = Release|x64
		{092BA672-DC58-42DC-B473-914C2EE116C9}.Release|x64.Build.0 = Release|x64
		{092BA672-DC58-42DC-B473-914C2EE116C9}.Release|x86.ActiveCfg = Release|Win32
		{092BA672-DC58-42DC-B473-914C2EE116C9}.Release|x86.Build.0 = Release|Win32
	EndGlobalSection
	GlobalSection(SolutionProperties) = preSolution
		HideSolutionNode = FALSE
	EndGlobalSection
	GlobalSection(ExtensibilityGlobals) = postSolution
		SolutionGuid = {EA75B71A-A361-44BF-B357-63FC0A5165FE}
	EndGlobalSection
EndGlobal
